// !$*UTF8*$!
{
	archiveVersion = 1;
	classes = {
	};
	objectVersion = 51;
	objects = {

/* Begin PBXBuildFile section */
		1109DE58279C6B0B00B62295 /* EmptyTableViewCell.swift in Sources */ = {isa = PBXBuildFile; fileRef = 1109DE56279C6B0B00B62295 /* EmptyTableViewCell.swift */; };
		1109DE59279C6B0B00B62295 /* EmptyTableViewCell.xib in Resources */ = {isa = PBXBuildFile; fileRef = 1109DE57279C6B0B00B62295 /* EmptyTableViewCell.xib */; };
		1109DE5C279CD50D00B62295 /* CardItemTableViewCell.swift in Sources */ = {isa = PBXBuildFile; fileRef = 1109DE5A279CD50C00B62295 /* CardItemTableViewCell.swift */; };
		1109DE5D279CD50D00B62295 /* CardItemTableViewCell.xib in Resources */ = {isa = PBXBuildFile; fileRef = 1109DE5B279CD50C00B62295 /* CardItemTableViewCell.xib */; };
		1109DE64279CFCAF00B62295 /* FavoritViewController.swift in Sources */ = {isa = PBXBuildFile; fileRef = 1109DE62279CFCAF00B62295 /* FavoritViewController.swift */; };
		1109DE65279CFCAF00B62295 /* FavoritViewController.xib in Resources */ = {isa = PBXBuildFile; fileRef = 1109DE63279CFCAF00B62295 /* FavoritViewController.xib */; };
		1109DE6C279D252600B62295 /* DetailViewController.swift in Sources */ = {isa = PBXBuildFile; fileRef = 1109DE6A279D252600B62295 /* DetailViewController.swift */; };
		1109DE6D279D252600B62295 /* DetailViewController.xib in Resources */ = {isa = PBXBuildFile; fileRef = 1109DE6B279D252600B62295 /* DetailViewController.xib */; };
		1109DE76279D6B4D00B62295 /* OverviewTableViewCell.swift in Sources */ = {isa = PBXBuildFile; fileRef = 1109DE74279D6B4D00B62295 /* OverviewTableViewCell.swift */; };
		1109DE77279D6B4D00B62295 /* OverviewTableViewCell.xib in Resources */ = {isa = PBXBuildFile; fileRef = 1109DE75279D6B4D00B62295 /* OverviewTableViewCell.xib */; };
		1109DE7C279E4B6400B62295 /* AboutViewController.swift in Sources */ = {isa = PBXBuildFile; fileRef = 1109DE7A279E4B6400B62295 /* AboutViewController.swift */; };
		1109DE7D279E4B6400B62295 /* AboutViewController.xib in Resources */ = {isa = PBXBuildFile; fileRef = 1109DE7B279E4B6400B62295 /* AboutViewController.xib */; };
		1109DE81279E4FCB00B62295 /* PhotoTableViewCell.swift in Sources */ = {isa = PBXBuildFile; fileRef = 1109DE7F279E4FCB00B62295 /* PhotoTableViewCell.swift */; };
		1109DE82279E4FCB00B62295 /* PhotoTableViewCell.xib in Resources */ = {isa = PBXBuildFile; fileRef = 1109DE80279E4FCB00B62295 /* PhotoTableViewCell.xib */; };
		1109DE85279E52F100B62295 /* AboutViewModel.swift in Sources */ = {isa = PBXBuildFile; fileRef = 1109DE84279E52F100B62295 /* AboutViewModel.swift */; };
		1109DE8C279E56DB00B62295 /* ShortProfileTableViewCell.swift in Sources */ = {isa = PBXBuildFile; fileRef = 1109DE8A279E56DB00B62295 /* ShortProfileTableViewCell.swift */; };
		1109DE8D279E56DB00B62295 /* ShortProfileTableViewCell.xib in Resources */ = {isa = PBXBuildFile; fileRef = 1109DE8B279E56DB00B62295 /* ShortProfileTableViewCell.xib */; };
		11423EA627AE99EF00EE9C6F /* WonderfullIndonesiaUITests.swift in Sources */ = {isa = PBXBuildFile; fileRef = 11423EA527AE99EF00EE9C6F /* WonderfullIndonesiaUITests.swift */; };
		11423EA827AE99EF00EE9C6F /* WonderfullIndonesiaUITestsLaunchTests.swift in Sources */ = {isa = PBXBuildFile; fileRef = 11423EA727AE99EF00EE9C6F /* WonderfullIndonesiaUITestsLaunchTests.swift */; };
		11423EF127AF7AE900EE9C6F /* Common.framework in Frameworks */ = {isa = PBXBuildFile; fileRef = 11423ED527AF71A700EE9C6F /* Common.framework */; };
		11423EF227AF7AE900EE9C6F /* Common.framework in Embed Frameworks */ = {isa = PBXBuildFile; fileRef = 11423ED527AF71A700EE9C6F /* Common.framework */; settings = {ATTRIBUTES = (CodeSignOnCopy, RemoveHeadersOnCopy, ); }; };
		11423F5827AF870400EE9C6F /* Assets.xcassets in Resources */ = {isa = PBXBuildFile; fileRef = 11423F5727AF870400EE9C6F /* Assets.xcassets */; };
		1142403327B00B6700EE9C6F /* Core.framework in Frameworks */ = {isa = PBXBuildFile; fileRef = 1142403227B00B6700EE9C6F /* Core.framework */; };
		1142403427B00B6700EE9C6F /* Core.framework in Embed Frameworks */ = {isa = PBXBuildFile; fileRef = 1142403227B00B6700EE9C6F /* Core.framework */; settings = {ATTRIBUTES = (CodeSignOnCopy, RemoveHeadersOnCopy, ); }; };
		1142404227B0140E00EE9C6F /* About.swift in Sources */ = {isa = PBXBuildFile; fileRef = 1142404027B0140E00EE9C6F /* About.swift */; };
		1142404327B0140E00EE9C6F /* Destination.swift in Sources */ = {isa = PBXBuildFile; fileRef = 1142404127B0140E00EE9C6F /* Destination.swift */; };
		114E5817278943DA0013D38E /* HomeTabBarViewController.swift in Sources */ = {isa = PBXBuildFile; fileRef = 114E5816278943DA0013D38E /* HomeTabBarViewController.swift */; };
		114E581A278959F30013D38E /* HomeViewController.swift in Sources */ = {isa = PBXBuildFile; fileRef = 114E5818278959F30013D38E /* HomeViewController.swift */; };
		114E581B278959F30013D38E /* HomeViewController.xib in Resources */ = {isa = PBXBuildFile; fileRef = 114E5819278959F30013D38E /* HomeViewController.xib */; };
		114E5822278A5AAD0013D38E /* BigCardTableViewCell.swift in Sources */ = {isa = PBXBuildFile; fileRef = 114E5820278A5AAD0013D38E /* BigCardTableViewCell.swift */; };
		114E5823278A5AAD0013D38E /* BigCardTableViewCell.xib in Resources */ = {isa = PBXBuildFile; fileRef = 114E5821278A5AAD0013D38E /* BigCardTableViewCell.xib */; };
		114E5829278A63BF0013D38E /* HeaderTableViewCell.swift in Sources */ = {isa = PBXBuildFile; fileRef = 114E5828278A63BF0013D38E /* HeaderTableViewCell.swift */; };
		114E582B278A63EB0013D38E /* HeaderTableViewCell.xib in Resources */ = {isa = PBXBuildFile; fileRef = 114E582A278A63EB0013D38E /* HeaderTableViewCell.xib */; };
		114E5832278A6ED70013D38E /* DestinationCollectionViewCell.swift in Sources */ = {isa = PBXBuildFile; fileRef = 114E5830278A6ED70013D38E /* DestinationCollectionViewCell.swift */; };
		114E5833278A6ED70013D38E /* DestinationCollectionViewCell.xib in Resources */ = {isa = PBXBuildFile; fileRef = 114E5831278A6ED70013D38E /* DestinationCollectionViewCell.xib */; };
		114E5838278A6F7C0013D38E /* DestinationTableViewCell.swift in Sources */ = {isa = PBXBuildFile; fileRef = 114E5836278A6F7C0013D38E /* DestinationTableViewCell.swift */; };
		114E5839278A6F7C0013D38E /* DestinationTableViewCell.xib in Resources */ = {isa = PBXBuildFile; fileRef = 114E5837278A6F7C0013D38E /* DestinationTableViewCell.xib */; };
		114E583B278A7CC60013D38E /* HomeViewModel.swift in Sources */ = {isa = PBXBuildFile; fileRef = 114E583A278A7CC60013D38E /* HomeViewModel.swift */; };
		118EBCB527A594790018EA64 /* FavoriteViewModel.swift in Sources */ = {isa = PBXBuildFile; fileRef = 118EBCB427A594790018EA64 /* FavoriteViewModel.swift */; };
		118EBCBA27A596580018EA64 /* SearchViewModel.swift in Sources */ = {isa = PBXBuildFile; fileRef = 118EBCB927A596580018EA64 /* SearchViewModel.swift */; };
		118EBCBD27A598350018EA64 /* FavoriteInteractor.swift in Sources */ = {isa = PBXBuildFile; fileRef = 118EBCBC27A598350018EA64 /* FavoriteInteractor.swift */; };
		118EBCC027A60ECE0018EA64 /* DetailViewModel.swift in Sources */ = {isa = PBXBuildFile; fileRef = 118EBCBF27A60ECE0018EA64 /* DetailViewModel.swift */; };
		118EBCC527A7EF9A0018EA64 /* SearchViewController.swift in Sources */ = {isa = PBXBuildFile; fileRef = 118EBCC327A7EF9A0018EA64 /* SearchViewController.swift */; };
		118EBCC627A7EF9A0018EA64 /* SearchViewController.xib in Resources */ = {isa = PBXBuildFile; fileRef = 118EBCC427A7EF9A0018EA64 /* SearchViewController.xib */; };
		997BA4F0B19652ACC472541D /* Pods_WonderfullIndonesia.framework in Frameworks */ = {isa = PBXBuildFile; fileRef = 16B647B2CC4D5D4F98D32CB5 /* Pods_WonderfullIndonesia.framework */; };
		9E7372FF23E80DCD00C6C207 /* BuildFile in Sources */ = {isa = PBXBuildFile; };
		9E73730023E80E0300C6C207 /* BuildFile in Sources */ = {isa = PBXBuildFile; };
		9EF9905123CDBE73005AD51E /* LaunchScreen.storyboard in Resources */ = {isa = PBXBuildFile; fileRef = 9EF9903423CDBE73005AD51E /* LaunchScreen.storyboard */; };
		9EF9905223CDBE73005AD51E /* AppDelegate.swift in Sources */ = {isa = PBXBuildFile; fileRef = 9EF9903523CDBE73005AD51E /* AppDelegate.swift */; };
/* End PBXBuildFile section */

/* Begin PBXContainerItemProxy section */
		11423EA927AE99EF00EE9C6F /* PBXContainerItemProxy */ = {
			isa = PBXContainerItemProxy;
			containerPortal = 4274E69C23BECA3200C38973 /* Project object */;
			proxyType = 1;
			remoteGlobalIDString = 4274E6A323BECA3200C38973;
			remoteInfo = WonderfullIndonesia;
		};
/* End PBXContainerItemProxy section */

/* Begin PBXCopyFilesBuildPhase section */
		11423EF327AF7AE900EE9C6F /* Embed Frameworks */ = {
			isa = PBXCopyFilesBuildPhase;
			buildActionMask = 2147483647;
			dstPath = "";
			dstSubfolderSpec = 10;
			files = (
				11423EF227AF7AE900EE9C6F /* Common.framework in Embed Frameworks */,
				1142403427B00B6700EE9C6F /* Core.framework in Embed Frameworks */,
			);
			name = "Embed Frameworks";
			runOnlyForDeploymentPostprocessing = 0;
		};
/* End PBXCopyFilesBuildPhase section */

/* Begin PBXFileReference section */
		02421BCFD72C09FF3CC3F5BB /* Pods-WonderfullIndonesia.release.xcconfig */ = {isa = PBXFileReference; includeInIndex = 1; lastKnownFileType = text.xcconfig; name = "Pods-WonderfullIndonesia.release.xcconfig"; path = "Target Support Files/Pods-WonderfullIndonesia/Pods-WonderfullIndonesia.release.xcconfig"; sourceTree = "<group>"; };
		1109DE56279C6B0B00B62295 /* EmptyTableViewCell.swift */ = {isa = PBXFileReference; lastKnownFileType = sourcecode.swift; path = EmptyTableViewCell.swift; sourceTree = "<group>"; };
		1109DE57279C6B0B00B62295 /* EmptyTableViewCell.xib */ = {isa = PBXFileReference; lastKnownFileType = file.xib; path = EmptyTableViewCell.xib; sourceTree = "<group>"; };
		1109DE5A279CD50C00B62295 /* CardItemTableViewCell.swift */ = {isa = PBXFileReference; lastKnownFileType = sourcecode.swift; path = CardItemTableViewCell.swift; sourceTree = "<group>"; };
		1109DE5B279CD50C00B62295 /* CardItemTableViewCell.xib */ = {isa = PBXFileReference; lastKnownFileType = file.xib; path = CardItemTableViewCell.xib; sourceTree = "<group>"; };
		1109DE62279CFCAF00B62295 /* FavoritViewController.swift */ = {isa = PBXFileReference; lastKnownFileType = sourcecode.swift; path = FavoritViewController.swift; sourceTree = "<group>"; };
		1109DE63279CFCAF00B62295 /* FavoritViewController.xib */ = {isa = PBXFileReference; lastKnownFileType = file.xib; path = FavoritViewController.xib; sourceTree = "<group>"; };
		1109DE6A279D252600B62295 /* DetailViewController.swift */ = {isa = PBXFileReference; lastKnownFileType = sourcecode.swift; path = DetailViewController.swift; sourceTree = "<group>"; };
		1109DE6B279D252600B62295 /* DetailViewController.xib */ = {isa = PBXFileReference; lastKnownFileType = file.xib; path = DetailViewController.xib; sourceTree = "<group>"; };
		1109DE74279D6B4D00B62295 /* OverviewTableViewCell.swift */ = {isa = PBXFileReference; lastKnownFileType = sourcecode.swift; path = OverviewTableViewCell.swift; sourceTree = "<group>"; };
		1109DE75279D6B4D00B62295 /* OverviewTableViewCell.xib */ = {isa = PBXFileReference; lastKnownFileType = file.xib; path = OverviewTableViewCell.xib; sourceTree = "<group>"; };
		1109DE7A279E4B6400B62295 /* AboutViewController.swift */ = {isa = PBXFileReference; lastKnownFileType = sourcecode.swift; path = AboutViewController.swift; sourceTree = "<group>"; };
		1109DE7B279E4B6400B62295 /* AboutViewController.xib */ = {isa = PBXFileReference; lastKnownFileType = file.xib; path = AboutViewController.xib; sourceTree = "<group>"; };
		1109DE7F279E4FCB00B62295 /* PhotoTableViewCell.swift */ = {isa = PBXFileReference; lastKnownFileType = sourcecode.swift; path = PhotoTableViewCell.swift; sourceTree = "<group>"; };
		1109DE80279E4FCB00B62295 /* PhotoTableViewCell.xib */ = {isa = PBXFileReference; lastKnownFileType = file.xib; path = PhotoTableViewCell.xib; sourceTree = "<group>"; };
		1109DE84279E52F100B62295 /* AboutViewModel.swift */ = {isa = PBXFileReference; lastKnownFileType = sourcecode.swift; path = AboutViewModel.swift; sourceTree = "<group>"; };
		1109DE8A279E56DB00B62295 /* ShortProfileTableViewCell.swift */ = {isa = PBXFileReference; lastKnownFileType = sourcecode.swift; path = ShortProfileTableViewCell.swift; sourceTree = "<group>"; };
		1109DE8B279E56DB00B62295 /* ShortProfileTableViewCell.xib */ = {isa = PBXFileReference; lastKnownFileType = file.xib; path = ShortProfileTableViewCell.xib; sourceTree = "<group>"; };
		11423EA327AE99EF00EE9C6F /* WonderfullIndonesiaUITests.xctest */ = {isa = PBXFileReference; explicitFileType = wrapper.cfbundle; includeInIndex = 0; path = WonderfullIndonesiaUITests.xctest; sourceTree = BUILT_PRODUCTS_DIR; };
		11423EA527AE99EF00EE9C6F /* WonderfullIndonesiaUITests.swift */ = {isa = PBXFileReference; lastKnownFileType = sourcecode.swift; path = WonderfullIndonesiaUITests.swift; sourceTree = "<group>"; };
		11423EA727AE99EF00EE9C6F /* WonderfullIndonesiaUITestsLaunchTests.swift */ = {isa = PBXFileReference; lastKnownFileType = sourcecode.swift; path = WonderfullIndonesiaUITestsLaunchTests.swift; sourceTree = "<group>"; };
		11423ED527AF71A700EE9C6F /* Common.framework */ = {isa = PBXFileReference; explicitFileType = wrapper.framework; path = Common.framework; sourceTree = BUILT_PRODUCTS_DIR; };
		11423F1E27AF7F0100EE9C6F /* ArifRach.framework */ = {isa = PBXFileReference; explicitFileType = wrapper.framework; path = ArifRach.framework; sourceTree = BUILT_PRODUCTS_DIR; };
		11423F5727AF870400EE9C6F /* Assets.xcassets */ = {isa = PBXFileReference; lastKnownFileType = folder.assetcatalog; path = Assets.xcassets; sourceTree = "<group>"; };
		11423F8427AF8FC800EE9C6F /* Core.framework */ = {isa = PBXFileReference; explicitFileType = wrapper.framework; path = Core.framework; sourceTree = BUILT_PRODUCTS_DIR; };
		1142403227B00B6700EE9C6F /* Core.framework */ = {isa = PBXFileReference; explicitFileType = wrapper.framework; path = Core.framework; sourceTree = BUILT_PRODUCTS_DIR; };
		1142404027B0140E00EE9C6F /* About.swift */ = {isa = PBXFileReference; fileEncoding = 4; lastKnownFileType = sourcecode.swift; path = About.swift; sourceTree = "<group>"; };
		1142404127B0140E00EE9C6F /* Destination.swift */ = {isa = PBXFileReference; fileEncoding = 4; lastKnownFileType = sourcecode.swift; path = Destination.swift; sourceTree = "<group>"; };
		114E5816278943DA0013D38E /* HomeTabBarViewController.swift */ = {isa = PBXFileReference; lastKnownFileType = sourcecode.swift; path = HomeTabBarViewController.swift; sourceTree = "<group>"; };
		114E5818278959F30013D38E /* HomeViewController.swift */ = {isa = PBXFileReference; lastKnownFileType = sourcecode.swift; path = HomeViewController.swift; sourceTree = "<group>"; };
		114E5819278959F30013D38E /* HomeViewController.xib */ = {isa = PBXFileReference; lastKnownFileType = file.xib; path = HomeViewController.xib; sourceTree = "<group>"; };
		114E5820278A5AAD0013D38E /* BigCardTableViewCell.swift */ = {isa = PBXFileReference; lastKnownFileType = sourcecode.swift; path = BigCardTableViewCell.swift; sourceTree = "<group>"; };
		114E5821278A5AAD0013D38E /* BigCardTableViewCell.xib */ = {isa = PBXFileReference; lastKnownFileType = file.xib; path = BigCardTableViewCell.xib; sourceTree = "<group>"; };
		114E5828278A63BF0013D38E /* HeaderTableViewCell.swift */ = {isa = PBXFileReference; lastKnownFileType = sourcecode.swift; path = HeaderTableViewCell.swift; sourceTree = "<group>"; };
		114E582A278A63EB0013D38E /* HeaderTableViewCell.xib */ = {isa = PBXFileReference; lastKnownFileType = file.xib; path = HeaderTableViewCell.xib; sourceTree = "<group>"; };
		114E5830278A6ED70013D38E /* DestinationCollectionViewCell.swift */ = {isa = PBXFileReference; lastKnownFileType = sourcecode.swift; path = DestinationCollectionViewCell.swift; sourceTree = "<group>"; };
		114E5831278A6ED70013D38E /* DestinationCollectionViewCell.xib */ = {isa = PBXFileReference; lastKnownFileType = file.xib; path = DestinationCollectionViewCell.xib; sourceTree = "<group>"; };
		114E5836278A6F7C0013D38E /* DestinationTableViewCell.swift */ = {isa = PBXFileReference; lastKnownFileType = sourcecode.swift; path = DestinationTableViewCell.swift; sourceTree = "<group>"; };
		114E5837278A6F7C0013D38E /* DestinationTableViewCell.xib */ = {isa = PBXFileReference; lastKnownFileType = file.xib; path = DestinationTableViewCell.xib; sourceTree = "<group>"; };
		114E583A278A7CC60013D38E /* HomeViewModel.swift */ = {isa = PBXFileReference; lastKnownFileType = sourcecode.swift; path = HomeViewModel.swift; sourceTree = "<group>"; };
		118EBCB427A594790018EA64 /* FavoriteViewModel.swift */ = {isa = PBXFileReference; lastKnownFileType = sourcecode.swift; path = FavoriteViewModel.swift; sourceTree = "<group>"; };
		118EBCB927A596580018EA64 /* SearchViewModel.swift */ = {isa = PBXFileReference; lastKnownFileType = sourcecode.swift; path = SearchViewModel.swift; sourceTree = "<group>"; };
		118EBCBC27A598350018EA64 /* FavoriteInteractor.swift */ = {isa = PBXFileReference; lastKnownFileType = sourcecode.swift; path = FavoriteInteractor.swift; sourceTree = "<group>"; };
		118EBCBF27A60ECE0018EA64 /* DetailViewModel.swift */ = {isa = PBXFileReference; lastKnownFileType = sourcecode.swift; path = DetailViewModel.swift; sourceTree = "<group>"; };
		118EBCC327A7EF9A0018EA64 /* SearchViewController.swift */ = {isa = PBXFileReference; lastKnownFileType = sourcecode.swift; path = SearchViewController.swift; sourceTree = "<group>"; };
		118EBCC427A7EF9A0018EA64 /* SearchViewController.xib */ = {isa = PBXFileReference; lastKnownFileType = file.xib; path = SearchViewController.xib; sourceTree = "<group>"; };
		16B647B2CC4D5D4F98D32CB5 /* Pods_WonderfullIndonesia.framework */ = {isa = PBXFileReference; explicitFileType = wrapper.framework; includeInIndex = 0; path = Pods_WonderfullIndonesia.framework; sourceTree = BUILT_PRODUCTS_DIR; };
		4274E6A423BECA3200C38973 /* WonderfullIndonesia.app */ = {isa = PBXFileReference; explicitFileType = wrapper.application; includeInIndex = 0; path = WonderfullIndonesia.app; sourceTree = BUILT_PRODUCTS_DIR; };
		9EF9903423CDBE73005AD51E /* LaunchScreen.storyboard */ = {isa = PBXFileReference; fileEncoding = 4; lastKnownFileType = file.storyboard; path = LaunchScreen.storyboard; sourceTree = "<group>"; };
		9EF9903523CDBE73005AD51E /* AppDelegate.swift */ = {isa = PBXFileReference; fileEncoding = 4; lastKnownFileType = sourcecode.swift; path = AppDelegate.swift; sourceTree = "<group>"; };
		9EF9903F23CDBE73005AD51E /* Info.plist */ = {isa = PBXFileReference; fileEncoding = 4; lastKnownFileType = text.plist.xml; path = Info.plist; sourceTree = "<group>"; };
		BE0D4C20A3BE43525B8B8139 /* Pods-WonderfullIndonesia.debug.xcconfig */ = {isa = PBXFileReference; includeInIndex = 1; lastKnownFileType = text.xcconfig; name = "Pods-WonderfullIndonesia.debug.xcconfig"; path = "Target Support Files/Pods-WonderfullIndonesia/Pods-WonderfullIndonesia.debug.xcconfig"; sourceTree = "<group>"; };
/* End PBXFileReference section */

/* Begin PBXFrameworksBuildPhase section */
		11423EA027AE99EF00EE9C6F /* Frameworks */ = {
			isa = PBXFrameworksBuildPhase;
			buildActionMask = 2147483647;
			files = (
			);
			runOnlyForDeploymentPostprocessing = 0;
		};
		4274E6A123BECA3200C38973 /* Frameworks */ = {
			isa = PBXFrameworksBuildPhase;
			buildActionMask = 2147483647;
			files = (
				11423EF127AF7AE900EE9C6F /* Common.framework in Frameworks */,
				1142403327B00B6700EE9C6F /* Core.framework in Frameworks */,
				997BA4F0B19652ACC472541D /* Pods_WonderfullIndonesia.framework in Frameworks */,
			);
			runOnlyForDeploymentPostprocessing = 0;
		};
/* End PBXFrameworksBuildPhase section */

/* Begin PBXGroup section */
		1109DE5E279CFC7900B62295 /* Favorit */ = {
			isa = PBXGroup;
			children = (
				118EBCB327A594620018EA64 /* ViewModel */,
				1109DE5F279CFC8400B62295 /* ViewController */,
			);
			path = Favorit;
			sourceTree = "<group>";
		};
		1109DE5F279CFC8400B62295 /* ViewController */ = {
			isa = PBXGroup;
			children = (
				1109DE62279CFCAF00B62295 /* FavoritViewController.swift */,
				1109DE63279CFCAF00B62295 /* FavoritViewController.xib */,
			);
			path = ViewController;
			sourceTree = "<group>";
		};
		1109DE66279D24D600B62295 /* Detail */ = {
			isa = PBXGroup;
			children = (
				118EBCBE27A60E2B0018EA64 /* ViewModel */,
				1109DE68279D24E600B62295 /* Views */,
				1109DE67279D24DF00B62295 /* ViewController */,
			);
			path = Detail;
			sourceTree = "<group>";
		};
		1109DE67279D24DF00B62295 /* ViewController */ = {
			isa = PBXGroup;
			children = (
				1109DE6A279D252600B62295 /* DetailViewController.swift */,
				1109DE6B279D252600B62295 /* DetailViewController.xib */,
			);
			path = ViewController;
			sourceTree = "<group>";
		};
		1109DE68279D24E600B62295 /* Views */ = {
			isa = PBXGroup;
			children = (
				1109DE74279D6B4D00B62295 /* OverviewTableViewCell.swift */,
				1109DE75279D6B4D00B62295 /* OverviewTableViewCell.xib */,
			);
			path = Views;
			sourceTree = "<group>";
		};
		1109DE78279E4B4900B62295 /* About */ = {
			isa = PBXGroup;
			children = (
				1109DE83279E52DE00B62295 /* ViewModel */,
				1109DE7E279E4FB900B62295 /* Views */,
				1109DE79279E4B4E00B62295 /* ViewController */,
			);
			path = About;
			sourceTree = "<group>";
		};
		1109DE79279E4B4E00B62295 /* ViewController */ = {
			isa = PBXGroup;
			children = (
				1109DE7A279E4B6400B62295 /* AboutViewController.swift */,
				1109DE7B279E4B6400B62295 /* AboutViewController.xib */,
			);
			path = ViewController;
			sourceTree = "<group>";
		};
		1109DE7E279E4FB900B62295 /* Views */ = {
			isa = PBXGroup;
			children = (
				1109DE7F279E4FCB00B62295 /* PhotoTableViewCell.swift */,
				1109DE80279E4FCB00B62295 /* PhotoTableViewCell.xib */,
				1109DE8A279E56DB00B62295 /* ShortProfileTableViewCell.swift */,
				1109DE8B279E56DB00B62295 /* ShortProfileTableViewCell.xib */,
			);
			path = Views;
			sourceTree = "<group>";
		};
		1109DE83279E52DE00B62295 /* ViewModel */ = {
			isa = PBXGroup;
			children = (
				1109DE84279E52F100B62295 /* AboutViewModel.swift */,
			);
			path = ViewModel;
			sourceTree = "<group>";
		};
		11423EA427AE99EF00EE9C6F /* WonderfullIndonesiaUITests */ = {
			isa = PBXGroup;
			children = (
				11423EA527AE99EF00EE9C6F /* WonderfullIndonesiaUITests.swift */,
				11423EA727AE99EF00EE9C6F /* WonderfullIndonesiaUITestsLaunchTests.swift */,
			);
			path = WonderfullIndonesiaUITests;
			sourceTree = "<group>";
		};
		1142403F27B0140E00EE9C6F /* Model */ = {
			isa = PBXGroup;
			children = (
				1142404027B0140E00EE9C6F /* About.swift */,
				1142404127B0140E00EE9C6F /* Destination.swift */,
			);
			path = Model;
			sourceTree = "<group>";
		};
		114E5815278943C70013D38E /* Home */ = {
			isa = PBXGroup;
			children = (
				114E581E278A595A0013D38E /* ViewModel */,
				114E581C278A594B0013D38E /* Views */,
				114E581D278A59520013D38E /* ViewController */,
				114E5816278943DA0013D38E /* HomeTabBarViewController.swift */,
			);
			path = Home;
			sourceTree = "<group>";
		};
		114E581C278A594B0013D38E /* Views */ = {
			isa = PBXGroup;
			children = (
				114E5836278A6F7C0013D38E /* DestinationTableViewCell.swift */,
				114E5837278A6F7C0013D38E /* DestinationTableViewCell.xib */,
			);
			path = Views;
			sourceTree = "<group>";
		};
		114E581D278A59520013D38E /* ViewController */ = {
			isa = PBXGroup;
			children = (
				114E5818278959F30013D38E /* HomeViewController.swift */,
				114E5819278959F30013D38E /* HomeViewController.xib */,
			);
			path = ViewController;
			sourceTree = "<group>";
		};
		114E581E278A595A0013D38E /* ViewModel */ = {
			isa = PBXGroup;
			children = (
				114E583A278A7CC60013D38E /* HomeViewModel.swift */,
			);
			path = ViewModel;
			sourceTree = "<group>";
		};
		114E581F278A5A810013D38E /* Components */ = {
			isa = PBXGroup;
			children = (
				114E5820278A5AAD0013D38E /* BigCardTableViewCell.swift */,
				114E5821278A5AAD0013D38E /* BigCardTableViewCell.xib */,
				114E5828278A63BF0013D38E /* HeaderTableViewCell.swift */,
				114E582A278A63EB0013D38E /* HeaderTableViewCell.xib */,
				114E5830278A6ED70013D38E /* DestinationCollectionViewCell.swift */,
				114E5831278A6ED70013D38E /* DestinationCollectionViewCell.xib */,
				1109DE56279C6B0B00B62295 /* EmptyTableViewCell.swift */,
				1109DE57279C6B0B00B62295 /* EmptyTableViewCell.xib */,
				1109DE5A279CD50C00B62295 /* CardItemTableViewCell.swift */,
				1109DE5B279CD50C00B62295 /* CardItemTableViewCell.xib */,
			);
			path = Components;
			sourceTree = "<group>";
		};
		118EBCB327A594620018EA64 /* ViewModel */ = {
			isa = PBXGroup;
			children = (
				118EBCB427A594790018EA64 /* FavoriteViewModel.swift */,
			);
			path = ViewModel;
			sourceTree = "<group>";
		};
		118EBCB627A595A90018EA64 /* Search */ = {
			isa = PBXGroup;
			children = (
				118EBCB827A5964B0018EA64 /* ViewModel */,
				118EBCB727A595D10018EA64 /* ViewController */,
			);
			path = Search;
			sourceTree = "<group>";
		};
		118EBCB727A595D10018EA64 /* ViewController */ = {
			isa = PBXGroup;
			children = (
				118EBCC327A7EF9A0018EA64 /* SearchViewController.swift */,
				118EBCC427A7EF9A0018EA64 /* SearchViewController.xib */,
			);
			path = ViewController;
			sourceTree = "<group>";
		};
		118EBCB827A5964B0018EA64 /* ViewModel */ = {
			isa = PBXGroup;
			children = (
				118EBCB927A596580018EA64 /* SearchViewModel.swift */,
			);
			path = ViewModel;
			sourceTree = "<group>";
		};
		118EBCBB27A597EC0018EA64 /* Interactors */ = {
			isa = PBXGroup;
			children = (
				118EBCBC27A598350018EA64 /* FavoriteInteractor.swift */,
			);
			path = Interactors;
			sourceTree = "<group>";
		};
		118EBCBE27A60E2B0018EA64 /* ViewModel */ = {
			isa = PBXGroup;
			children = (
				118EBCBF27A60ECE0018EA64 /* DetailViewModel.swift */,
			);
			path = ViewModel;
			sourceTree = "<group>";
		};
		3689E8774F5B370AC4CEB2E8 /* Pods */ = {
			isa = PBXGroup;
			children = (
				BE0D4C20A3BE43525B8B8139 /* Pods-WonderfullIndonesia.debug.xcconfig */,
				02421BCFD72C09FF3CC3F5BB /* Pods-WonderfullIndonesia.release.xcconfig */,
			);
			path = Pods;
			sourceTree = "<group>";
		};
		4274E69B23BECA3200C38973 = {
			isa = PBXGroup;
			children = (
				9EF9901E23CDBE73005AD51E /* WonderfullIndonesia */,
				11423EA427AE99EF00EE9C6F /* WonderfullIndonesiaUITests */,
				4274E6A523BECA3200C38973 /* Products */,
				3689E8774F5B370AC4CEB2E8 /* Pods */,
				DC90B25BA3EA9EBC65994F5A /* Frameworks */,
			);
			sourceTree = "<group>";
		};
		4274E6A523BECA3200C38973 /* Products */ = {
			isa = PBXGroup;
			children = (
				4274E6A423BECA3200C38973 /* WonderfullIndonesia.app */,
				11423EA327AE99EF00EE9C6F /* WonderfullIndonesiaUITests.xctest */,
			);
			name = Products;
			sourceTree = "<group>";
		};
		9E73CD8023E9781F0024C16D /* Resources */ = {
			isa = PBXGroup;
			children = (
				11423F5727AF870400EE9C6F /* Assets.xcassets */,
			);
			path = Resources;
			sourceTree = "<group>";
		};
		9EF9901E23CDBE73005AD51E /* WonderfullIndonesia */ = {
			isa = PBXGroup;
			children = (
				9EF9902A23CDBE73005AD51E /* Domainless */,
				9EF9901F23CDBE73005AD51E /* Features */,
				9EF9903F23CDBE73005AD51E /* Info.plist */,
			);
			path = WonderfullIndonesia;
			sourceTree = "<group>";
		};
		9EF9901F23CDBE73005AD51E /* Features */ = {
			isa = PBXGroup;
			children = (
				114E5815278943C70013D38E /* Home */,
				118EBCB627A595A90018EA64 /* Search */,
				1109DE5E279CFC7900B62295 /* Favorit */,
				1109DE78279E4B4900B62295 /* About */,
				1109DE66279D24D600B62295 /* Detail */,
			);
			path = Features;
			sourceTree = "<group>";
		};
		9EF9902A23CDBE73005AD51E /* Domainless */ = {
			isa = PBXGroup;
			children = (
				1142403F27B0140E00EE9C6F /* Model */,
				114E581F278A5A810013D38E /* Components */,
				9E73CD8023E9781F0024C16D /* Resources */,
				9EF9903323CDBE73005AD51E /* ApplicationEntry */,
				118EBCBB27A597EC0018EA64 /* Interactors */,
			);
			path = Domainless;
			sourceTree = "<group>";
		};
		9EF9903323CDBE73005AD51E /* ApplicationEntry */ = {
			isa = PBXGroup;
			children = (
				9EF9903423CDBE73005AD51E /* LaunchScreen.storyboard */,
				9EF9903523CDBE73005AD51E /* AppDelegate.swift */,
			);
			path = ApplicationEntry;
			sourceTree = "<group>";
		};
		DC90B25BA3EA9EBC65994F5A /* Frameworks */ = {
			isa = PBXGroup;
			children = (
				1142403227B00B6700EE9C6F /* Core.framework */,
				11423F8427AF8FC800EE9C6F /* Core.framework */,
				11423F1E27AF7F0100EE9C6F /* ArifRach.framework */,
				11423ED527AF71A700EE9C6F /* Common.framework */,
				16B647B2CC4D5D4F98D32CB5 /* Pods_WonderfullIndonesia.framework */,
			);
			name = Frameworks;
			sourceTree = "<group>";
		};
/* End PBXGroup section */

/* Begin PBXNativeTarget section */
		11423EA227AE99EF00EE9C6F /* WonderfullIndonesiaUITests */ = {
			isa = PBXNativeTarget;
			buildConfigurationList = 11423EAD27AE99EF00EE9C6F /* Build configuration list for PBXNativeTarget "WonderfullIndonesiaUITests" */;
			buildPhases = (
				11423E9F27AE99EF00EE9C6F /* Sources */,
				11423EA027AE99EF00EE9C6F /* Frameworks */,
				11423EA127AE99EF00EE9C6F /* Resources */,
			);
			buildRules = (
			);
			dependencies = (
				11423EAA27AE99EF00EE9C6F /* PBXTargetDependency */,
			);
			name = WonderfullIndonesiaUITests;
			productName = WonderfullIndonesiaUITests;
			productReference = 11423EA327AE99EF00EE9C6F /* WonderfullIndonesiaUITests.xctest */;
			productType = "com.apple.product-type.bundle.ui-testing";
		};
		4274E6A323BECA3200C38973 /* WonderfullIndonesia */ = {
			isa = PBXNativeTarget;
			buildConfigurationList = 4274E6CC23BECA3300C38973 /* Build configuration list for PBXNativeTarget "WonderfullIndonesia" */;
			buildPhases = (
				0963849072297663AE71DD6C /* [CP] Check Pods Manifest.lock */,
				4274E6A023BECA3200C38973 /* Sources */,
				4274E6A123BECA3200C38973 /* Frameworks */,
				4274E6A223BECA3200C38973 /* Resources */,
				11423EAE27AF60BB00EE9C6F /* Swiftlint */,
				11423EF327AF7AE900EE9C6F /* Embed Frameworks */,
				28E5642AB5A233016783BA30 /* [CP] Embed Pods Frameworks */,
			);
			buildRules = (
			);
			dependencies = (
			);
			name = WonderfullIndonesia;
			productName = WonderfullIndonesia;
			productReference = 4274E6A423BECA3200C38973 /* WonderfullIndonesia.app */;
			productType = "com.apple.product-type.application";
		};
/* End PBXNativeTarget section */

/* Begin PBXProject section */
		4274E69C23BECA3200C38973 /* Project object */ = {
			isa = PBXProject;
			attributes = {
				LastSwiftUpdateCheck = 1310;
				LastUpgradeCheck = 1250;
				ORGANIZATIONNAME = WonderfullIndonesia;
				TargetAttributes = {
					11423EA227AE99EF00EE9C6F = {
						CreatedOnToolsVersion = 13.1;
						TestTargetID = 4274E6A323BECA3200C38973;
					};
					4274E6A323BECA3200C38973 = {
						CreatedOnToolsVersion = 10.3;
						LastSwiftMigration = 1030;
					};
				};
			};
			buildConfigurationList = 4274E69F23BECA3200C38973 /* Build configuration list for PBXProject "WonderfullIndonesia" */;
			compatibilityVersion = "Xcode 9.3";
			developmentRegion = en;
			hasScannedForEncodings = 0;
			knownRegions = (
				en,
				Base,
			);
			mainGroup = 4274E69B23BECA3200C38973;
			productRefGroup = 4274E6A523BECA3200C38973 /* Products */;
			projectDirPath = "";
			projectRoot = "";
			targets = (
				4274E6A323BECA3200C38973 /* WonderfullIndonesia */,
				11423EA227AE99EF00EE9C6F /* WonderfullIndonesiaUITests */,
			);
		};
/* End PBXProject section */

/* Begin PBXResourcesBuildPhase section */
		11423EA127AE99EF00EE9C6F /* Resources */ = {
			isa = PBXResourcesBuildPhase;
			buildActionMask = 2147483647;
			files = (
			);
			runOnlyForDeploymentPostprocessing = 0;
		};
		4274E6A223BECA3200C38973 /* Resources */ = {
			isa = PBXResourcesBuildPhase;
			buildActionMask = 2147483647;
			files = (
				114E582B278A63EB0013D38E /* HeaderTableViewCell.xib in Resources */,
				114E5833278A6ED70013D38E /* DestinationCollectionViewCell.xib in Resources */,
				1109DE65279CFCAF00B62295 /* FavoritViewController.xib in Resources */,
				1109DE5D279CD50D00B62295 /* CardItemTableViewCell.xib in Resources */,
				1109DE59279C6B0B00B62295 /* EmptyTableViewCell.xib in Resources */,
				114E5823278A5AAD0013D38E /* BigCardTableViewCell.xib in Resources */,
				1109DE8D279E56DB00B62295 /* ShortProfileTableViewCell.xib in Resources */,
				114E5839278A6F7C0013D38E /* DestinationTableViewCell.xib in Resources */,
				1109DE82279E4FCB00B62295 /* PhotoTableViewCell.xib in Resources */,
				1109DE6D279D252600B62295 /* DetailViewController.xib in Resources */,
				1109DE77279D6B4D00B62295 /* OverviewTableViewCell.xib in Resources */,
				9EF9905123CDBE73005AD51E /* LaunchScreen.storyboard in Resources */,
				118EBCC627A7EF9A0018EA64 /* SearchViewController.xib in Resources */,
				1109DE7D279E4B6400B62295 /* AboutViewController.xib in Resources */,
				11423F5827AF870400EE9C6F /* Assets.xcassets in Resources */,
				114E581B278959F30013D38E /* HomeViewController.xib in Resources */,
			);
			runOnlyForDeploymentPostprocessing = 0;
		};
/* End PBXResourcesBuildPhase section */

/* Begin PBXShellScriptBuildPhase section */
		0963849072297663AE71DD6C /* [CP] Check Pods Manifest.lock */ = {
			isa = PBXShellScriptBuildPhase;
			buildActionMask = 2147483647;
			files = (
			);
			inputFileListPaths = (
			);
			inputPaths = (
				"${PODS_PODFILE_DIR_PATH}/Podfile.lock",
				"${PODS_ROOT}/Manifest.lock",
			);
			name = "[CP] Check Pods Manifest.lock";
			outputFileListPaths = (
			);
			outputPaths = (
				"$(DERIVED_FILE_DIR)/Pods-WonderfullIndonesia-checkManifestLockResult.txt",
			);
			runOnlyForDeploymentPostprocessing = 0;
			shellPath = /bin/sh;
			shellScript = "diff \"${PODS_PODFILE_DIR_PATH}/Podfile.lock\" \"${PODS_ROOT}/Manifest.lock\" > /dev/null\nif [ $? != 0 ] ; then\n    # print error to STDERR\n    echo \"error: The sandbox is not in sync with the Podfile.lock. Run 'pod install' or update your CocoaPods installation.\" >&2\n    exit 1\nfi\n# This output is used by Xcode 'outputs' to avoid re-running this script phase.\necho \"SUCCESS\" > \"${SCRIPT_OUTPUT_FILE_0}\"\n";
			showEnvVarsInLog = 0;
		};
		11423EAE27AF60BB00EE9C6F /* Swiftlint */ = {
			isa = PBXShellScriptBuildPhase;
			buildActionMask = 2147483647;
			files = (
			);
			inputFileListPaths = (
			);
			inputPaths = (
			);
			name = Swiftlint;
			outputFileListPaths = (
			);
			outputPaths = (
			);
			runOnlyForDeploymentPostprocessing = 0;
			shellPath = /bin/sh;
			shellScript = "export PATH=\"$PATH:/opt/homebrew/bin\"\n\nif which swiftlint >/dev/null; then\n  swiftlint\nelse\n  echo \"warning: SwiftLint not installed, download from https://github.com/realm/SwiftLint\"\nfi\n";
		};
		28E5642AB5A233016783BA30 /* [CP] Embed Pods Frameworks */ = {
			isa = PBXShellScriptBuildPhase;
			buildActionMask = 2147483647;
			files = (
			);
			inputFileListPaths = (
				"${PODS_ROOT}/Target Support Files/Pods-WonderfullIndonesia/Pods-WonderfullIndonesia-frameworks-${CONFIGURATION}-input-files.xcfilelist",
			);
			name = "[CP] Embed Pods Frameworks";
			outputFileListPaths = (
				"${PODS_ROOT}/Target Support Files/Pods-WonderfullIndonesia/Pods-WonderfullIndonesia-frameworks-${CONFIGURATION}-output-files.xcfilelist",
			);
			runOnlyForDeploymentPostprocessing = 0;
			shellPath = /bin/sh;
			shellScript = "\"${PODS_ROOT}/Target Support Files/Pods-WonderfullIndonesia/Pods-WonderfullIndonesia-frameworks.sh\"\n";
			showEnvVarsInLog = 0;
		};
/* End PBXShellScriptBuildPhase section */

/* Begin PBXSourcesBuildPhase section */
		11423E9F27AE99EF00EE9C6F /* Sources */ = {
			isa = PBXSourcesBuildPhase;
			buildActionMask = 2147483647;
			files = (
				11423EA627AE99EF00EE9C6F /* WonderfullIndonesiaUITests.swift in Sources */,
				11423EA827AE99EF00EE9C6F /* WonderfullIndonesiaUITestsLaunchTests.swift in Sources */,
			);
			runOnlyForDeploymentPostprocessing = 0;
		};
		4274E6A023BECA3200C38973 /* Sources */ = {
			isa = PBXSourcesBuildPhase;
			buildActionMask = 2147483647;
			files = (
				1109DE76279D6B4D00B62295 /* OverviewTableViewCell.swift in Sources */,
				9EF9905223CDBE73005AD51E /* AppDelegate.swift in Sources */,
				114E583B278A7CC60013D38E /* HomeViewModel.swift in Sources */,
				114E5838278A6F7C0013D38E /* DestinationTableViewCell.swift in Sources */,
				118EBCBD27A598350018EA64 /* FavoriteInteractor.swift in Sources */,
				1109DE6C279D252600B62295 /* DetailViewController.swift in Sources */,
				1142404327B0140E00EE9C6F /* Destination.swift in Sources */,
				9E7372FF23E80DCD00C6C207 /* BuildFile in Sources */,
				114E5822278A5AAD0013D38E /* BigCardTableViewCell.swift in Sources */,
				1109DE58279C6B0B00B62295 /* EmptyTableViewCell.swift in Sources */,
				1109DE5C279CD50D00B62295 /* CardItemTableViewCell.swift in Sources */,
				118EBCBA27A596580018EA64 /* SearchViewModel.swift in Sources */,
				114E581A278959F30013D38E /* HomeViewController.swift in Sources */,
				9E73730023E80E0300C6C207 /* BuildFile in Sources */,
				1109DE8C279E56DB00B62295 /* ShortProfileTableViewCell.swift in Sources */,
				118EBCC027A60ECE0018EA64 /* DetailViewModel.swift in Sources */,
				1142404227B0140E00EE9C6F /* About.swift in Sources */,
				118EBCB527A594790018EA64 /* FavoriteViewModel.swift in Sources */,
				118EBCC527A7EF9A0018EA64 /* SearchViewController.swift in Sources */,
				1109DE81279E4FCB00B62295 /* PhotoTableViewCell.swift in Sources */,
				114E5829278A63BF0013D38E /* HeaderTableViewCell.swift in Sources */,
				114E5832278A6ED70013D38E /* DestinationCollectionViewCell.swift in Sources */,
				1109DE64279CFCAF00B62295 /* FavoritViewController.swift in Sources */,
				114E5817278943DA0013D38E /* HomeTabBarViewController.swift in Sources */,
				1109DE7C279E4B6400B62295 /* AboutViewController.swift in Sources */,
				1109DE85279E52F100B62295 /* AboutViewModel.swift in Sources */,
			);
			runOnlyForDeploymentPostprocessing = 0;
		};
/* End PBXSourcesBuildPhase section */

/* Begin PBXTargetDependency section */
		11423EAA27AE99EF00EE9C6F /* PBXTargetDependency */ = {
			isa = PBXTargetDependency;
			target = 4274E6A323BECA3200C38973 /* WonderfullIndonesia */;
			targetProxy = 11423EA927AE99EF00EE9C6F /* PBXContainerItemProxy */;
		};
/* End PBXTargetDependency section */

/* Begin XCBuildConfiguration section */
		11423EAB27AE99EF00EE9C6F /* Debug */ = {
			isa = XCBuildConfiguration;
			buildSettings = {
				CLANG_CXX_LANGUAGE_STANDARD = "gnu++17";
				CODE_SIGN_STYLE = Automatic;
				CURRENT_PROJECT_VERSION = 1;
				DEVELOPMENT_TEAM = S39WRXUKHC;
				GENERATE_INFOPLIST_FILE = YES;
				IPHONEOS_DEPLOYMENT_TARGET = 15.0;
				LD_RUNPATH_SEARCH_PATHS = (
					"$(inherited)",
					"@executable_path/Frameworks",
					"@loader_path/Frameworks",
				);
				MARKETING_VERSION = 1.0;
				PRODUCT_BUNDLE_IDENTIFIER = id.arifrach.WonderfullIndonesiaUITests;
				PRODUCT_NAME = "$(TARGET_NAME)";
				SWIFT_EMIT_LOC_STRINGS = NO;
				SWIFT_VERSION = 5.0;
				TARGETED_DEVICE_FAMILY = "1,2";
				TEST_TARGET_NAME = WonderfullIndonesia;
			};
			name = Debug;
		};
		11423EAC27AE99EF00EE9C6F /* Release */ = {
			isa = XCBuildConfiguration;
			buildSettings = {
				CLANG_CXX_LANGUAGE_STANDARD = "gnu++17";
				CODE_SIGN_STYLE = Automatic;
				CURRENT_PROJECT_VERSION = 1;
				DEVELOPMENT_TEAM = S39WRXUKHC;
				GENERATE_INFOPLIST_FILE = YES;
				IPHONEOS_DEPLOYMENT_TARGET = 15.0;
				LD_RUNPATH_SEARCH_PATHS = (
					"$(inherited)",
					"@executable_path/Frameworks",
					"@loader_path/Frameworks",
				);
				MARKETING_VERSION = 1.0;
				PRODUCT_BUNDLE_IDENTIFIER = id.arifrach.WonderfullIndonesiaUITests;
				PRODUCT_NAME = "$(TARGET_NAME)";
				SWIFT_EMIT_LOC_STRINGS = NO;
				SWIFT_VERSION = 5.0;
				TARGETED_DEVICE_FAMILY = "1,2";
				TEST_TARGET_NAME = WonderfullIndonesia;
			};
			name = Release;
		};
		4274E6CA23BECA3300C38973 /* Debug */ = {
			isa = XCBuildConfiguration;
			buildSettings = {
				ALWAYS_SEARCH_USER_PATHS = NO;
				CLANG_ANALYZER_NONNULL = YES;
				CLANG_ANALYZER_NUMBER_OBJECT_CONVERSION = YES_AGGRESSIVE;
				CLANG_CXX_LANGUAGE_STANDARD = "gnu++14";
				CLANG_CXX_LIBRARY = "libc++";
				CLANG_ENABLE_MODULES = YES;
				CLANG_ENABLE_OBJC_ARC = YES;
				CLANG_ENABLE_OBJC_WEAK = YES;
				CLANG_WARN_BLOCK_CAPTURE_AUTORELEASING = YES;
				CLANG_WARN_BOOL_CONVERSION = YES;
				CLANG_WARN_COMMA = YES;
				CLANG_WARN_CONSTANT_CONVERSION = YES;
				CLANG_WARN_DEPRECATED_OBJC_IMPLEMENTATIONS = YES;
				CLANG_WARN_DIRECT_OBJC_ISA_USAGE = YES_ERROR;
				CLANG_WARN_DOCUMENTATION_COMMENTS = YES;
				CLANG_WARN_EMPTY_BODY = YES;
				CLANG_WARN_ENUM_CONVERSION = YES;
				CLANG_WARN_INFINITE_RECURSION = YES;
				CLANG_WARN_INT_CONVERSION = YES;
				CLANG_WARN_NON_LITERAL_NULL_CONVERSION = YES;
				CLANG_WARN_OBJC_IMPLICIT_RETAIN_SELF = YES;
				CLANG_WARN_OBJC_LITERAL_CONVERSION = YES;
				CLANG_WARN_OBJC_ROOT_CLASS = YES_ERROR;
				CLANG_WARN_QUOTED_INCLUDE_IN_FRAMEWORK_HEADER = YES;
				CLANG_WARN_RANGE_LOOP_ANALYSIS = YES;
				CLANG_WARN_STRICT_PROTOTYPES = YES;
				CLANG_WARN_SUSPICIOUS_MOVE = YES;
				CLANG_WARN_UNGUARDED_AVAILABILITY = YES_AGGRESSIVE;
				CLANG_WARN_UNREACHABLE_CODE = YES;
				CLANG_WARN__DUPLICATE_METHOD_MATCH = YES;
				CODE_SIGN_IDENTITY = "iPhone Developer";
				COPY_PHASE_STRIP = NO;
				DEBUG_INFORMATION_FORMAT = dwarf;
				ENABLE_STRICT_OBJC_MSGSEND = YES;
				ENABLE_TESTABILITY = YES;
				GCC_C_LANGUAGE_STANDARD = gnu11;
				GCC_DYNAMIC_NO_PIC = NO;
				GCC_NO_COMMON_BLOCKS = YES;
				GCC_OPTIMIZATION_LEVEL = 0;
				GCC_PREPROCESSOR_DEFINITIONS = (
					"DEBUG=1",
					"$(inherited)",
				);
				GCC_WARN_64_TO_32_BIT_CONVERSION = YES;
				GCC_WARN_ABOUT_RETURN_TYPE = YES_ERROR;
				GCC_WARN_UNDECLARED_SELECTOR = YES;
				GCC_WARN_UNINITIALIZED_AUTOS = YES_AGGRESSIVE;
				GCC_WARN_UNUSED_FUNCTION = YES;
				GCC_WARN_UNUSED_VARIABLE = YES;
				IPHONEOS_DEPLOYMENT_TARGET = 12.4;
				MTL_ENABLE_DEBUG_INFO = INCLUDE_SOURCE;
				MTL_FAST_MATH = YES;
				ONLY_ACTIVE_ARCH = YES;
				SDKROOT = iphoneos;
				SWIFT_ACTIVE_COMPILATION_CONDITIONS = DEBUG;
				SWIFT_OPTIMIZATION_LEVEL = "-Onone";
			};
			name = Debug;
		};
		4274E6CB23BECA3300C38973 /* Release */ = {
			isa = XCBuildConfiguration;
			buildSettings = {
				ALWAYS_SEARCH_USER_PATHS = NO;
				CLANG_ANALYZER_NONNULL = YES;
				CLANG_ANALYZER_NUMBER_OBJECT_CONVERSION = YES_AGGRESSIVE;
				CLANG_CXX_LANGUAGE_STANDARD = "gnu++14";
				CLANG_CXX_LIBRARY = "libc++";
				CLANG_ENABLE_MODULES = YES;
				CLANG_ENABLE_OBJC_ARC = YES;
				CLANG_ENABLE_OBJC_WEAK = YES;
				CLANG_WARN_BLOCK_CAPTURE_AUTORELEASING = YES;
				CLANG_WARN_BOOL_CONVERSION = YES;
				CLANG_WARN_COMMA = YES;
				CLANG_WARN_CONSTANT_CONVERSION = YES;
				CLANG_WARN_DEPRECATED_OBJC_IMPLEMENTATIONS = YES;
				CLANG_WARN_DIRECT_OBJC_ISA_USAGE = YES_ERROR;
				CLANG_WARN_DOCUMENTATION_COMMENTS = YES;
				CLANG_WARN_EMPTY_BODY = YES;
				CLANG_WARN_ENUM_CONVERSION = YES;
				CLANG_WARN_INFINITE_RECURSION = YES;
				CLANG_WARN_INT_CONVERSION = YES;
				CLANG_WARN_NON_LITERAL_NULL_CONVERSION = YES;
				CLANG_WARN_OBJC_IMPLICIT_RETAIN_SELF = YES;
				CLANG_WARN_OBJC_LITERAL_CONVERSION = YES;
				CLANG_WARN_OBJC_ROOT_CLASS = YES_ERROR;
				CLANG_WARN_QUOTED_INCLUDE_IN_FRAMEWORK_HEADER = YES;
				CLANG_WARN_RANGE_LOOP_ANALYSIS = YES;
				CLANG_WARN_STRICT_PROTOTYPES = YES;
				CLANG_WARN_SUSPICIOUS_MOVE = YES;
				CLANG_WARN_UNGUARDED_AVAILABILITY = YES_AGGRESSIVE;
				CLANG_WARN_UNREACHABLE_CODE = YES;
				CLANG_WARN__DUPLICATE_METHOD_MATCH = YES;
				CODE_SIGN_IDENTITY = "iPhone Developer";
				COPY_PHASE_STRIP = NO;
				DEBUG_INFORMATION_FORMAT = "dwarf-with-dsym";
				ENABLE_NS_ASSERTIONS = NO;
				ENABLE_STRICT_OBJC_MSGSEND = YES;
				GCC_C_LANGUAGE_STANDARD = gnu11;
				GCC_NO_COMMON_BLOCKS = YES;
				GCC_WARN_64_TO_32_BIT_CONVERSION = YES;
				GCC_WARN_ABOUT_RETURN_TYPE = YES_ERROR;
				GCC_WARN_UNDECLARED_SELECTOR = YES;
				GCC_WARN_UNINITIALIZED_AUTOS = YES_AGGRESSIVE;
				GCC_WARN_UNUSED_FUNCTION = YES;
				GCC_WARN_UNUSED_VARIABLE = YES;
				IPHONEOS_DEPLOYMENT_TARGET = 12.4;
				MTL_ENABLE_DEBUG_INFO = NO;
				MTL_FAST_MATH = YES;
				SDKROOT = iphoneos;
				SWIFT_COMPILATION_MODE = wholemodule;
				SWIFT_OPTIMIZATION_LEVEL = "-O";
				VALIDATE_PRODUCT = YES;
			};
			name = Release;
		};
		4274E6CD23BECA3300C38973 /* Debug */ = {
			isa = XCBuildConfiguration;
			baseConfigurationReference = BE0D4C20A3BE43525B8B8139 /* Pods-WonderfullIndonesia.debug.xcconfig */;
			buildSettings = {
				ASSETCATALOG_COMPILER_APPICON_NAME = AppIcon;
				CLANG_ENABLE_MODULES = YES;
				CODE_SIGN_IDENTITY = "Apple Development";
				CODE_SIGN_STYLE = Automatic;
				DEVELOPMENT_TEAM = 7GZY6RJW23;
				INFOPLIST_FILE = WonderfullIndonesia/Info.plist;
				IPHONEOS_DEPLOYMENT_TARGET = 12.0;
				LD_RUNPATH_SEARCH_PATHS = (
					"$(inherited)",
					"@executable_path/Frameworks",
				);
				MARKETING_VERSION = 1.0;
				PRODUCT_BUNDLE_IDENTIFIER = com.wonderfull.indonesia;
				PRODUCT_NAME = "$(TARGET_NAME)";
				PROVISIONING_PROFILE_SPECIFIER = "";
				SWIFT_OBJC_BRIDGING_HEADER = "";
				SWIFT_OPTIMIZATION_LEVEL = "-Onone";
				SWIFT_VERSION = 5.0;
				TARGETED_DEVICE_FAMILY = "1,2";
			};
			name = Debug;
		};
		4274E6CE23BECA3300C38973 /* Release */ = {
			isa = XCBuildConfiguration;
			baseConfigurationReference = 02421BCFD72C09FF3CC3F5BB /* Pods-WonderfullIndonesia.release.xcconfig */;
			buildSettings = {
				ASSETCATALOG_COMPILER_APPICON_NAME = AppIcon;
				CLANG_ENABLE_MODULES = YES;
				CODE_SIGN_IDENTITY = "Apple Development";
				CODE_SIGN_STYLE = Automatic;
				DEVELOPMENT_TEAM = 7GZY6RJW23;
				INFOPLIST_FILE = WonderfullIndonesia/Info.plist;
				IPHONEOS_DEPLOYMENT_TARGET = 12.0;
				LD_RUNPATH_SEARCH_PATHS = (
					"$(inherited)",
					"@executable_path/Frameworks",
				);
				MARKETING_VERSION = 1.0;
				PRODUCT_BUNDLE_IDENTIFIER = com.wonderfull.indonesia;
				PRODUCT_NAME = "$(TARGET_NAME)";
				PROVISIONING_PROFILE_SPECIFIER = "";
				SWIFT_OBJC_BRIDGING_HEADER = "";
				SWIFT_VERSION = 5.0;
				TARGETED_DEVICE_FAMILY = "1,2";
			};
			name = Release;
		};
/* End XCBuildConfiguration section */

/* Begin XCConfigurationList section */
		11423EAD27AE99EF00EE9C6F /* Build configuration list for PBXNativeTarget "WonderfullIndonesiaUITests" */ = {
			isa = XCConfigurationList;
			buildConfigurations = (
				11423EAB27AE99EF00EE9C6F /* Debug */,
				11423EAC27AE99EF00EE9C6F /* Release */,
			);
			defaultConfigurationIsVisible = 0;
			defaultConfigurationName = Release;
		};
		4274E69F23BECA3200C38973 /* Build configuration list for PBXProject "WonderfullIndonesia" */ = {
			isa = XCConfigurationList;
			buildConfigurations = (
				4274E6CA23BECA3300C38973 /* Debug */,
				4274E6CB23BECA3300C38973 /* Release */,
			);
			defaultConfigurationIsVisible = 0;
			defaultConfigurationName = Release;
		};
		4274E6CC23BECA3300C38973 /* Build configuration list for PBXNativeTarget "WonderfullIndonesia" */ = {
			isa = XCConfigurationList;
			buildConfigurations = (
				4274E6CD23BECA3300C38973 /* Debug */,
				4274E6CE23BECA3300C38973 /* Release */,
			);
			defaultConfigurationIsVisible = 0;
			defaultConfigurationName = Release;
		};
/* End XCConfigurationList section */
	};
	rootObject = 4274E69C23BECA3200C38973 /* Project object */;
}
